
Microsoft Visual Studio Solution File, Format Version 12.00
# Visual Studio Version 17
VisualStudioVersion = 17.14.36414.22 d17.14
MinimumVisualStudioVersion = 10.0.40219.1
Project("{FAE04EC0-301F-11D3-BF4B-00C04F79EFBC}") = "task22", "task22.csproj", "{F7BA188F-4A2D-4F26-8417-0CC38AC186DE}"
EndProject
Global
	GlobalSection(SolutionConfigurationPlatforms) = preSolution
		Debug|Any CPU = Debug|Any CPU
		Release|Any CPU = Release|Any CPU
	EndGlobalSection
	GlobalSection(ProjectConfigurationPlatforms) = postSolution
		{F7BA188F-4A2D-4F26-8417-0CC38AC186DE}.Debug|Any CPU.ActiveCfg = Debug|Any CPU
		{F7BA188F-4A2D-4F26-8417-0CC38AC186DE}.Debug|Any CPU.Build.0 = Debug|Any CPU
		{F7BA188F-4A2D-4F26-8417-0CC38AC186DE}.Release|Any CPU.ActiveCfg = Release|Any CPU
		{F7BA188F-4A2D-4F26-8417-0CC38AC186DE}.Release|Any CPU.Build.0 = Release|Any CPU
	EndGlobalSection
	GlobalSection(SolutionProperties) = preSolution
		HideSolutionNode = FALSE
	EndGlobalSection
	GlobalSection(ExtensibilityGlobals) = postSolution
		SolutionGuid = {F3B0EE05-51D9-4531-A182-DEBF8B901E52}
	EndGlobalSection
EndGlobal
